
Microsoft Visual Studio Solution File, Format Version 12.00
# Visual Studio 15
VisualStudioVersion = 15.0.27703.2042
MinimumVisualStudioVersion = 10.0.40219.1
Project("{9A19103F-16F7-4668-BE54-9A1E7A4F7556}") = "Data", "Data\Data.csproj", "{28C0F893-50A0-4F22-B439-B544711B6225}"
EndProject
Project("{9A19103F-16F7-4668-BE54-9A1E7A4F7556}") = "Web", "Web\Web.csproj", "{C9E0B436-460B-4861-8BE0-15E2DC642A96}"
EndProject
Project("{9A19103F-16F7-4668-BE54-9A1E7A4F7556}") = "Container", "Container\Container.csproj", "{4731AA4A-C20A-4BAD-9FAB-C068ADBC696F}"
EndProject
Project("{9A19103F-16F7-4668-BE54-9A1E7A4F7556}") = "Entities", "Entities\Entities.csproj", "{F9500F7A-1380-4BF7-BED9-0088A07405E3}"
EndProject
Project("{9A19103F-16F7-4668-BE54-9A1E7A4F7556}") = "Business", "Business\Business.csproj", "{EBFC3ECD-BBF7-422C-AE4D-1A5F5B6FC0F5}"
EndProject
Project("{9A19103F-16F7-4668-BE54-9A1E7A4F7556}") = "Models", "Models\Models.csproj", "{39D86283-1788-4737-BFE3-1ACE83998884}"
EndProject
Project("{9A19103F-16F7-4668-BE54-9A1E7A4F7556}") = "Schemas", "Schemas\Schemas.csproj", "{ADA5AF38-790B-44E9-B928-62B9E2EE394C}"
EndProject
Project("{9A19103F-16F7-4668-BE54-9A1E7A4F7556}") = "DynamicRules", "DynamicRules\DynamicRules.csproj", "{3B9AEA0C-FFAD-4721-B28C-55DD03C6D7CB}"
EndProject
Project("{9A19103F-16F7-4668-BE54-9A1E7A4F7556}") = "DynamicRules.Tests", "DynamicRules.Tests\DynamicRules.Tests.csproj", "{04F32A3F-6B12-41A2-8E64-B71BBDE07472}"
EndProject
Project("{9A19103F-16F7-4668-BE54-9A1E7A4F7556}") = "Schemas.Models", "Schemas.Models\Schemas.Models.csproj", "{27757CC0-601F-4D39-922E-88E172DDFA5B}"
EndProject
Project("{9A19103F-16F7-4668-BE54-9A1E7A4F7556}") = "DynamicRules.Common", "DynamicRules.Common\DynamicRules.Common.csproj", "{AB064C6C-2F78-44FE-AF68-F301DDC08DB0}"
EndProject
Project("{2150E333-8FDC-42A3-9474-1A3956D46DE8}") = "Solution Items", "Solution Items", "{15BC1776-DBF1-4380-9F22-C700E5E3FB98}"
	ProjectSection(SolutionItems) = preProject
		commands.json = commands.json
	EndProjectSection
EndProject
Global
	GlobalSection(SolutionConfigurationPlatforms) = preSolution
		Debug|Any CPU = Debug|Any CPU
		Release|Any CPU = Release|Any CPU
	EndGlobalSection
	GlobalSection(ProjectConfigurationPlatforms) = postSolution
		{28C0F893-50A0-4F22-B439-B544711B6225}.Debug|Any CPU.ActiveCfg = Debug|Any CPU
		{28C0F893-50A0-4F22-B439-B544711B6225}.Debug|Any CPU.Build.0 = Debug|Any CPU
		{28C0F893-50A0-4F22-B439-B544711B6225}.Release|Any CPU.ActiveCfg = Release|Any CPU
		{28C0F893-50A0-4F22-B439-B544711B6225}.Release|Any CPU.Build.0 = Release|Any CPU
		{C9E0B436-460B-4861-8BE0-15E2DC642A96}.Debug|Any CPU.ActiveCfg = Debug|Any CPU
		{C9E0B436-460B-4861-8BE0-15E2DC642A96}.Debug|Any CPU.Build.0 = Debug|Any CPU
		{C9E0B436-460B-4861-8BE0-15E2DC642A96}.Release|Any CPU.ActiveCfg = Release|Any CPU
		{C9E0B436-460B-4861-8BE0-15E2DC642A96}.Release|Any CPU.Build.0 = Release|Any CPU
		{4731AA4A-C20A-4BAD-9FAB-C068ADBC696F}.Debug|Any CPU.ActiveCfg = Debug|Any CPU
		{4731AA4A-C20A-4BAD-9FAB-C068ADBC696F}.Debug|Any CPU.Build.0 = Debug|Any CPU
		{4731AA4A-C20A-4BAD-9FAB-C068ADBC696F}.Release|Any CPU.ActiveCfg = Release|Any CPU
		{4731AA4A-C20A-4BAD-9FAB-C068ADBC696F}.Release|Any CPU.Build.0 = Release|Any CPU
		{F9500F7A-1380-4BF7-BED9-0088A07405E3}.Debug|Any CPU.ActiveCfg = Debug|Any CPU
		{F9500F7A-1380-4BF7-BED9-0088A07405E3}.Debug|Any CPU.Build.0 = Debug|Any CPU
		{F9500F7A-1380-4BF7-BED9-0088A07405E3}.Release|Any CPU.ActiveCfg = Release|Any CPU
		{F9500F7A-1380-4BF7-BED9-0088A07405E3}.Release|Any CPU.Build.0 = Release|Any CPU
		{EBFC3ECD-BBF7-422C-AE4D-1A5F5B6FC0F5}.Debug|Any CPU.ActiveCfg = Debug|Any CPU
		{EBFC3ECD-BBF7-422C-AE4D-1A5F5B6FC0F5}.Debug|Any CPU.Build.0 = Debug|Any CPU
		{EBFC3ECD-BBF7-422C-AE4D-1A5F5B6FC0F5}.Release|Any CPU.ActiveCfg = Release|Any CPU
		{EBFC3ECD-BBF7-422C-AE4D-1A5F5B6FC0F5}.Release|Any CPU.Build.0 = Release|Any CPU
		{39D86283-1788-4737-BFE3-1ACE83998884}.Debug|Any CPU.ActiveCfg = Debug|Any CPU
		{39D86283-1788-4737-BFE3-1ACE83998884}.Debug|Any CPU.Build.0 = Debug|Any CPU
		{39D86283-1788-4737-BFE3-1ACE83998884}.Release|Any CPU.ActiveCfg = Release|Any CPU
		{39D86283-1788-4737-BFE3-1ACE83998884}.Release|Any CPU.Build.0 = Release|Any CPU
		{ADA5AF38-790B-44E9-B928-62B9E2EE394C}.Debug|Any CPU.ActiveCfg = Debug|Any CPU
		{ADA5AF38-790B-44E9-B928-62B9E2EE394C}.Debug|Any CPU.Build.0 = Debug|Any CPU
		{ADA5AF38-790B-44E9-B928-62B9E2EE394C}.Release|Any CPU.ActiveCfg = Release|Any CPU
		{ADA5AF38-790B-44E9-B928-62B9E2EE394C}.Release|Any CPU.Build.0 = Release|Any CPU
		{3B9AEA0C-FFAD-4721-B28C-55DD03C6D7CB}.Debug|Any CPU.ActiveCfg = Debug|Any CPU
		{3B9AEA0C-FFAD-4721-B28C-55DD03C6D7CB}.Debug|Any CPU.Build.0 = Debug|Any CPU
		{3B9AEA0C-FFAD-4721-B28C-55DD03C6D7CB}.Release|Any CPU.ActiveCfg = Release|Any CPU
		{3B9AEA0C-FFAD-4721-B28C-55DD03C6D7CB}.Release|Any CPU.Build.0 = Release|Any CPU
		{04F32A3F-6B12-41A2-8E64-B71BBDE07472}.Debug|Any CPU.ActiveCfg = Debug|Any CPU
		{04F32A3F-6B12-41A2-8E64-B71BBDE07472}.Debug|Any CPU.Build.0 = Debug|Any CPU
		{04F32A3F-6B12-41A2-8E64-B71BBDE07472}.Release|Any CPU.ActiveCfg = Release|Any CPU
		{04F32A3F-6B12-41A2-8E64-B71BBDE07472}.Release|Any CPU.Build.0 = Release|Any CPU
		{27757CC0-601F-4D39-922E-88E172DDFA5B}.Debug|Any CPU.ActiveCfg = Debug|Any CPU
		{27757CC0-601F-4D39-922E-88E172DDFA5B}.Debug|Any CPU.Build.0 = Debug|Any CPU
		{27757CC0-601F-4D39-922E-88E172DDFA5B}.Release|Any CPU.ActiveCfg = Release|Any CPU
		{27757CC0-601F-4D39-922E-88E172DDFA5B}.Release|Any CPU.Build.0 = Release|Any CPU
		{AB064C6C-2F78-44FE-AF68-F301DDC08DB0}.Debug|Any CPU.ActiveCfg = Debug|Any CPU
		{AB064C6C-2F78-44FE-AF68-F301DDC08DB0}.Debug|Any CPU.Build.0 = Debug|Any CPU
		{AB064C6C-2F78-44FE-AF68-F301DDC08DB0}.Release|Any CPU.ActiveCfg = Release|Any CPU
		{AB064C6C-2F78-44FE-AF68-F301DDC08DB0}.Release|Any CPU.Build.0 = Release|Any CPU
	EndGlobalSection
	GlobalSection(SolutionProperties) = preSolution
		HideSolutionNode = FALSE
	EndGlobalSection
	GlobalSection(ExtensibilityGlobals) = postSolution
		SolutionGuid = {A85ACFEB-733B-4686-904E-C005270007A6}
	EndGlobalSection
EndGlobal
