
Microsoft Visual Studio Solution File, Format Version 12.00
# Visual Studio 15
VisualStudioVersion = 15.0.27703.2042
MinimumVisualStudioVersion = 10.0.40219.1
Project("{9A19103F-16F7-4668-BE54-9A1E7A4F7556}") = "Web", "Web\Web.csproj", "{C9E0B436-460B-4861-8BE0-15E2DC642A96}"
EndProject
Project("{9A19103F-16F7-4668-BE54-9A1E7A4F7556}") = "Container", "Container\Container.csproj", "{4731AA4A-C20A-4BAD-9FAB-C068ADBC696F}"
EndProject
Project("{2150E333-8FDC-42A3-9474-1A3956D46DE8}") = "Endpoints", "Endpoints", "{7208D743-7658-4F05-8568-900FEC2A5B1E}"
EndProject
Project("{9A19103F-16F7-4668-BE54-9A1E7A4F7556}") = "Endpoints.Api.Gateway.Registration", "Endpoints\Api\Gateway\Registration\Endpoints.Api.Gateway.Registration.csproj", "{71ACA66C-2B5F-4B8B-AA20-C8BAE7D68443}"
EndProject
Project("{2150E333-8FDC-42A3-9474-1A3956D46DE8}") = "Api", "Api", "{F1567060-C346-4AA0-B190-2A69E5A4E022}"
EndProject
Project("{2150E333-8FDC-42A3-9474-1A3956D46DE8}") = "Gateway", "Gateway", "{E5ECC422-E49C-4E73-B0C6-E59B951737AA}"
EndProject
Project("{9A19103F-16F7-4668-BE54-9A1E7A4F7556}") = "Endpoints.Api.Core", "Endpoints\Api\Core\Endpoints.Api.Core.csproj", "{E3702DAA-8C45-4008-AC91-970428771F00}"
EndProject
Project("{2150E333-8FDC-42A3-9474-1A3956D46DE8}") = "Core", "Core", "{5EC3F179-AC5B-4555-A924-5A07B5461962}"
EndProject
Project("{2150E333-8FDC-42A3-9474-1A3956D46DE8}") = "Processing", "Processing", "{690509C7-885B-401A-8DFD-573C99834946}"
EndProject
Project("{2150E333-8FDC-42A3-9474-1A3956D46DE8}") = "Messaging", "Messaging", "{EE955035-505B-48DF-A87E-FA2E8970EF2C}"
EndProject
Project("{9A19103F-16F7-4668-BE54-9A1E7A4F7556}") = "Endpoints.Messaging", "Endpoints\Messaging\Endpoints.Messaging.csproj", "{7A36984F-055C-482A-8C67-F65A66B20DEC}"
EndProject
Project("{FAE04EC0-301F-11D3-BF4B-00C04F79EFBC}") = "Endpoints.Api.Processing.Registration", "Endpoints\Api\Processing\Endpoints.Api.Processing.Registration\Endpoints.Api.Processing.Registration.csproj", "{A8C162B0-FEA3-45E2-B38F-ED22AF42A2BC}"
EndProject
Project("{2150E333-8FDC-42A3-9474-1A3956D46DE8}") = "Services", "Services", "{9F4DC831-AB92-4CA1-BAA3-32AE09BD7FCF}"
EndProject
Project("{FAE04EC0-301F-11D3-BF4B-00C04F79EFBC}") = "Endpoints.Services.Registration", "Endpoints\Services\Endpoints.Services.Registration\Endpoints.Services.Registration.csproj", "{0870168E-A49C-4D97-9799-462CC03F8C4E}"
EndProject
Global
	GlobalSection(SolutionConfigurationPlatforms) = preSolution
		Debug|Any CPU = Debug|Any CPU
		Release|Any CPU = Release|Any CPU
	EndGlobalSection
	GlobalSection(ProjectConfigurationPlatforms) = postSolution
		{C9E0B436-460B-4861-8BE0-15E2DC642A96}.Debug|Any CPU.ActiveCfg = Debug|Any CPU
		{C9E0B436-460B-4861-8BE0-15E2DC642A96}.Debug|Any CPU.Build.0 = Debug|Any CPU
		{C9E0B436-460B-4861-8BE0-15E2DC642A96}.Release|Any CPU.ActiveCfg = Release|Any CPU
		{C9E0B436-460B-4861-8BE0-15E2DC642A96}.Release|Any CPU.Build.0 = Release|Any CPU
		{4731AA4A-C20A-4BAD-9FAB-C068ADBC696F}.Debug|Any CPU.ActiveCfg = Debug|Any CPU
		{4731AA4A-C20A-4BAD-9FAB-C068ADBC696F}.Debug|Any CPU.Build.0 = Debug|Any CPU
		{4731AA4A-C20A-4BAD-9FAB-C068ADBC696F}.Release|Any CPU.ActiveCfg = Release|Any CPU
		{4731AA4A-C20A-4BAD-9FAB-C068ADBC696F}.Release|Any CPU.Build.0 = Release|Any CPU
		{71ACA66C-2B5F-4B8B-AA20-C8BAE7D68443}.Debug|Any CPU.ActiveCfg = Debug|Any CPU
		{71ACA66C-2B5F-4B8B-AA20-C8BAE7D68443}.Debug|Any CPU.Build.0 = Debug|Any CPU
		{71ACA66C-2B5F-4B8B-AA20-C8BAE7D68443}.Release|Any CPU.ActiveCfg = Release|Any CPU
		{71ACA66C-2B5F-4B8B-AA20-C8BAE7D68443}.Release|Any CPU.Build.0 = Release|Any CPU
		{E3702DAA-8C45-4008-AC91-970428771F00}.Debug|Any CPU.ActiveCfg = Debug|Any CPU
		{E3702DAA-8C45-4008-AC91-970428771F00}.Debug|Any CPU.Build.0 = Debug|Any CPU
		{E3702DAA-8C45-4008-AC91-970428771F00}.Release|Any CPU.ActiveCfg = Release|Any CPU
		{E3702DAA-8C45-4008-AC91-970428771F00}.Release|Any CPU.Build.0 = Release|Any CPU
		{7A36984F-055C-482A-8C67-F65A66B20DEC}.Debug|Any CPU.ActiveCfg = Debug|Any CPU
		{7A36984F-055C-482A-8C67-F65A66B20DEC}.Debug|Any CPU.Build.0 = Debug|Any CPU
		{7A36984F-055C-482A-8C67-F65A66B20DEC}.Release|Any CPU.ActiveCfg = Release|Any CPU
		{7A36984F-055C-482A-8C67-F65A66B20DEC}.Release|Any CPU.Build.0 = Release|Any CPU
		{A8C162B0-FEA3-45E2-B38F-ED22AF42A2BC}.Debug|Any CPU.ActiveCfg = Debug|Any CPU
		{A8C162B0-FEA3-45E2-B38F-ED22AF42A2BC}.Debug|Any CPU.Build.0 = Debug|Any CPU
		{A8C162B0-FEA3-45E2-B38F-ED22AF42A2BC}.Release|Any CPU.ActiveCfg = Release|Any CPU
		{A8C162B0-FEA3-45E2-B38F-ED22AF42A2BC}.Release|Any CPU.Build.0 = Release|Any CPU
		{0870168E-A49C-4D97-9799-462CC03F8C4E}.Debug|Any CPU.ActiveCfg = Debug|Any CPU
		{0870168E-A49C-4D97-9799-462CC03F8C4E}.Debug|Any CPU.Build.0 = Debug|Any CPU
		{0870168E-A49C-4D97-9799-462CC03F8C4E}.Release|Any CPU.ActiveCfg = Release|Any CPU
		{0870168E-A49C-4D97-9799-462CC03F8C4E}.Release|Any CPU.Build.0 = Release|Any CPU
	EndGlobalSection
	GlobalSection(SolutionProperties) = preSolution
		HideSolutionNode = FALSE
	EndGlobalSection
	GlobalSection(NestedProjects) = preSolution
		{71ACA66C-2B5F-4B8B-AA20-C8BAE7D68443} = {E5ECC422-E49C-4E73-B0C6-E59B951737AA}
		{F1567060-C346-4AA0-B190-2A69E5A4E022} = {7208D743-7658-4F05-8568-900FEC2A5B1E}
		{E5ECC422-E49C-4E73-B0C6-E59B951737AA} = {F1567060-C346-4AA0-B190-2A69E5A4E022}
		{E3702DAA-8C45-4008-AC91-970428771F00} = {5EC3F179-AC5B-4555-A924-5A07B5461962}
		{5EC3F179-AC5B-4555-A924-5A07B5461962} = {F1567060-C346-4AA0-B190-2A69E5A4E022}
		{690509C7-885B-401A-8DFD-573C99834946} = {F1567060-C346-4AA0-B190-2A69E5A4E022}
		{EE955035-505B-48DF-A87E-FA2E8970EF2C} = {7208D743-7658-4F05-8568-900FEC2A5B1E}
		{7A36984F-055C-482A-8C67-F65A66B20DEC} = {EE955035-505B-48DF-A87E-FA2E8970EF2C}
		{A8C162B0-FEA3-45E2-B38F-ED22AF42A2BC} = {690509C7-885B-401A-8DFD-573C99834946}
		{9F4DC831-AB92-4CA1-BAA3-32AE09BD7FCF} = {7208D743-7658-4F05-8568-900FEC2A5B1E}
		{0870168E-A49C-4D97-9799-462CC03F8C4E} = {9F4DC831-AB92-4CA1-BAA3-32AE09BD7FCF}
	EndGlobalSection
	GlobalSection(ExtensibilityGlobals) = postSolution
		SolutionGuid = {A85ACFEB-733B-4686-904E-C005270007A6}
	EndGlobalSection
EndGlobal
